
Microsoft Visual Studio Solution File, Format Version 12.00
# Visual Studio Version 17
VisualStudioVersion = 17.0.31903.59
MinimumVisualStudioVersion = 10.0.40219.1
Project("{FAE04EC0-301F-11D3-BF4B-00C04F79EFBC}") = "ElloClinic.Api", "src\ElloClinic.Api\ElloClinic.Api.csproj", "{A6F0DA94-1DB4-4BCA-8BE9-5882029E1A55}"
EndProject
Project("{2150E333-8FDC-42A3-9474-1A3956D46DE8}") = "tests", "tests", "{A84F44B3-5110-49A1-84B6-2C30FF83DF28}"
EndProject
Project("{FAE04EC0-301F-11D3-BF4B-00C04F79EFBC}") = "ElloClinic.Api.Tests", "tests\ElloClinic.Api.Tests\ElloClinic.Api.Tests.csproj", "{7F009F50-92EE-4060-9643-1CE1D65C81FC}"
EndProject
Global
	GlobalSection(SolutionConfigurationPlatforms) = preSolution
		Debug|Any CPU = Debug|Any CPU
		Release|Any CPU = Release|Any CPU
	EndGlobalSection
	GlobalSection(ProjectConfigurationPlatforms) = postSolution
		{A6F0DA94-1DB4-4BCA-8BE9-5882029E1A55}.Debug|Any CPU.ActiveCfg = Debug|Any CPU
		{A6F0DA94-1DB4-4BCA-8BE9-5882029E1A55}.Debug|Any CPU.Build.0 = Debug|Any CPU
		{A6F0DA94-1DB4-4BCA-8BE9-5882029E1A55}.Release|Any CPU.ActiveCfg = Release|Any CPU
		{A6F0DA94-1DB4-4BCA-8BE9-5882029E1A55}.Release|Any CPU.Build.0 = Release|Any CPU
		{7F009F50-92EE-4060-9643-1CE1D65C81FC}.Debug|Any CPU.ActiveCfg = Debug|Any CPU
		{7F009F50-92EE-4060-9643-1CE1D65C81FC}.Debug|Any CPU.Build.0 = Debug|Any CPU
		{7F009F50-92EE-4060-9643-1CE1D65C81FC}.Release|Any CPU.ActiveCfg = Release|Any CPU
		{7F009F50-92EE-4060-9643-1CE1D65C81FC}.Release|Any CPU.Build.0 = Release|Any CPU
	EndGlobalSection
	GlobalSection(NestedProjects) = preSolution
		{7F009F50-92EE-4060-9643-1CE1D65C81FC} = {A84F44B3-5110-49A1-84B6-2C30FF83DF28}
	EndGlobalSection
EndGlobal
